
Microsoft Visual Studio Solution File, Format Version 12.00
# Visual Studio Version 17
VisualStudioVersion = 17.2.32630.192
MinimumVisualStudioVersion = 10.0.40219.1
Project("{9A19103F-16F7-4668-BE54-9A1E7A4F7556}") = "Random Number Game", "Random Number Gamer\Random Number Game.csproj", "{C7DA9C27-18B8-44D8-9023-E4BB8AE47BC3}"
EndProject
Global
	GlobalSection(SolutionConfigurationPlatforms) = preSolution
		Debug|Any CPU = Debug|Any CPU
		Release|Any CPU = Release|Any CPU
	EndGlobalSection
	GlobalSection(ProjectConfigurationPlatforms) = postSolution
		{C7DA9C27-18B8-44D8-9023-E4BB8AE47BC3}.Debug|Any CPU.ActiveCfg = Debug|Any CPU
		{C7DA9C27-18B8-44D8-9023-E4BB8AE47BC3}.Debug|Any CPU.Build.0 = Debug|Any CPU
		{C7DA9C27-18B8-44D8-9023-E4BB8AE47BC3}.Release|Any CPU.ActiveCfg = Release|Any CPU
		{C7DA9C27-18B8-44D8-9023-E4BB8AE47BC3}.Release|Any CPU.Build.0 = Release|Any CPU
	EndGlobalSection
	GlobalSection(SolutionProperties) = preSolution
		HideSolutionNode = FALSE
	EndGlobalSection
	GlobalSection(ExtensibilityGlobals) = postSolution
		SolutionGuid = {9157A847-D8E8-4170-A2CF-907FA25E9183}
	EndGlobalSection
EndGlobal
